
Microsoft Visual Studio Solution File, Format Version 12.00
# Visual Studio 15
VisualStudioVersion = 15.0.26430.16
MinimumVisualStudioVersion = 10.0.40219.1
Project("{FAE04EC0-301F-11D3-BF4B-00C04F79EFBC}") = "MailService.Core", "MailService.Core\MailService.Core.csproj", "{D2829007-8A8D-45B1-9CE2-139799C4FBE5}"
EndProject
Project("{FAE04EC0-301F-11D3-BF4B-00C04F79EFBC}") = "MailService.Tests", "MailService.Tests\MailService.Tests.csproj", "{09D3B981-66DD-4DC3-B47A-A95D17FB6400}"
EndProject
Global
	GlobalSection(SolutionConfigurationPlatforms) = preSolution
		Debug|Any CPU = Debug|Any CPU
		Release|Any CPU = Release|Any CPU
	EndGlobalSection
	GlobalSection(ProjectConfigurationPlatforms) = postSolution
		{D2829007-8A8D-45B1-9CE2-139799C4FBE5}.Debug|Any CPU.ActiveCfg = Debug|Any CPU
		{D2829007-8A8D-45B1-9CE2-139799C4FBE5}.Debug|Any CPU.Build.0 = Debug|Any CPU
		{D2829007-8A8D-45B1-9CE2-139799C4FBE5}.Release|Any CPU.ActiveCfg = Release|Any CPU
		{D2829007-8A8D-45B1-9CE2-139799C4FBE5}.Release|Any CPU.Build.0 = Release|Any CPU
		{09D3B981-66DD-4DC3-B47A-A95D17FB6400}.Debug|Any CPU.ActiveCfg = Debug|Any CPU
		{09D3B981-66DD-4DC3-B47A-A95D17FB6400}.Debug|Any CPU.Build.0 = Debug|Any CPU
		{09D3B981-66DD-4DC3-B47A-A95D17FB6400}.Release|Any CPU.ActiveCfg = Release|Any CPU
		{09D3B981-66DD-4DC3-B47A-A95D17FB6400}.Release|Any CPU.Build.0 = Release|Any CPU
	EndGlobalSection
	GlobalSection(SolutionProperties) = preSolution
		HideSolutionNode = FALSE
	EndGlobalSection
EndGlobal
